// !$*UTF8*$!
{
	archiveVersion = 1;
	classes = {
	};
	objectVersion = 46;
	objects = {

/* Begin PBXBuildFile section */
		8E01C9021DE729B100AF6701 /* AppDelegate.swift in Sources */ = {isa = PBXBuildFile; fileRef = 8E01C9011DE729B100AF6701 /* AppDelegate.swift */; };
		8E01C9071DE729B100AF6701 /* Main.storyboard in Resources */ = {isa = PBXBuildFile; fileRef = 8E01C9051DE729B100AF6701 /* Main.storyboard */; };
		8E01C9091DE729B100AF6701 /* Assets.xcassets in Resources */ = {isa = PBXBuildFile; fileRef = 8E01C9081DE729B100AF6701 /* Assets.xcassets */; };
		8E01C90C1DE729B100AF6701 /* LaunchScreen.storyboard in Resources */ = {isa = PBXBuildFile; fileRef = 8E01C90A1DE729B100AF6701 /* LaunchScreen.storyboard */; };
		8E01C9141DE72A7300AF6701 /* ListViewController.swift in Sources */ = {isa = PBXBuildFile; fileRef = 8E01C9131DE72A7300AF6701 /* ListViewController.swift */; };
		8E01C9161DE72FBD00AF6701 /* TaskCell.swift in Sources */ = {isa = PBXBuildFile; fileRef = 8E01C9151DE72FBD00AF6701 /* TaskCell.swift */; };
		8E01C9181DE72FDF00AF6701 /* IconCell.swift in Sources */ = {isa = PBXBuildFile; fileRef = 8E01C9171DE72FDF00AF6701 /* IconCell.swift */; };
		8E01C91A1DE7300600AF6701 /* HeaderView.swift in Sources */ = {isa = PBXBuildFile; fileRef = 8E01C9191DE7300600AF6701 /* HeaderView.swift */; };
		8E01C91C1DE7312D00AF6701 /* IconsViewController.swift in Sources */ = {isa = PBXBuildFile; fileRef = 8E01C91B1DE7312D00AF6701 /* IconsViewController.swift */; };
		8E01C91E1DE7323E00AF6701 /* TaskManager.swift in Sources */ = {isa = PBXBuildFile; fileRef = 8E01C91D1DE7323E00AF6701 /* TaskManager.swift */; };
/* End PBXBuildFile section */

/* Begin PBXFileReference section */
		8E01C8FE1DE729B100AF6701 /* reMIND.app */ = {isa = PBXFileReference; explicitFileType = wrapper.application; includeInIndex = 0; path = reMIND.app; sourceTree = BUILT_PRODUCTS_DIR; };
		8E01C9011DE729B100AF6701 /* AppDelegate.swift */ = {isa = PBXFileReference; lastKnownFileType = sourcecode.swift; path = AppDelegate.swift; sourceTree = "<group>"; };
		8E01C9061DE729B100AF6701 /* Base */ = {isa = PBXFileReference; lastKnownFileType = file.storyboard; name = Base; path = Base.lproj/Main.storyboard; sourceTree = "<group>"; };
		8E01C9081DE729B100AF6701 /* Assets.xcassets */ = {isa = PBXFileReference; lastKnownFileType = folder.assetcatalog; path = Assets.xcassets; sourceTree = "<group>"; };
		8E01C90B1DE729B100AF6701 /* Base */ = {isa = PBXFileReference; lastKnownFileType = file.storyboard; name = Base; path = Base.lproj/LaunchScreen.storyboard; sourceTree = "<group>"; };
		8E01C90D1DE729B100AF6701 /* Info.plist */ = {isa = PBXFileReference; lastKnownFileType = text.plist.xml; path = Info.plist; sourceTree = "<group>"; };
		8E01C9131DE72A7300AF6701 /* ListViewController.swift */ = {isa = PBXFileReference; fileEncoding = 4; lastKnownFileType = sourcecode.swift; path = ListViewController.swift; sourceTree = "<group>"; };
		8E01C9151DE72FBD00AF6701 /* TaskCell.swift */ = {isa = PBXFileReference; fileEncoding = 4; lastKnownFileType = sourcecode.swift; path = TaskCell.swift; sourceTree = "<group>"; };
		8E01C9171DE72FDF00AF6701 /* IconCell.swift */ = {isa = PBXFileReference; fileEncoding = 4; lastKnownFileType = sourcecode.swift; path = IconCell.swift; sourceTree = "<group>"; };
		8E01C9191DE7300600AF6701 /* HeaderView.swift */ = {isa = PBXFileReference; fileEncoding = 4; lastKnownFileType = sourcecode.swift; path = HeaderView.swift; sourceTree = "<group>"; };
		8E01C91B1DE7312D00AF6701 /* IconsViewController.swift */ = {isa = PBXFileReference; fileEncoding = 4; lastKnownFileType = sourcecode.swift; path = IconsViewController.swift; sourceTree = "<group>"; };
		8E01C91D1DE7323E00AF6701 /* TaskManager.swift */ = {isa = PBXFileReference; fileEncoding = 4; lastKnownFileType = sourcecode.swift; path = TaskManager.swift; sourceTree = "<group>"; };
/* End PBXFileReference section */

/* Begin PBXFrameworksBuildPhase section */
		8E01C8FB1DE729B100AF6701 /* Frameworks */ = {
			isa = PBXFrameworksBuildPhase;
			buildActionMask = 2147483647;
			files = (
			);
			runOnlyForDeploymentPostprocessing = 0;
		};
/* End PBXFrameworksBuildPhase section */

/* Begin PBXGroup section */
		8E01C8F51DE729B100AF6701 = {
			isa = PBXGroup;
			children = (
				8E01C9001DE729B100AF6701 /* reMIND */,
				8E01C8FF1DE729B100AF6701 /* Products */,
			);
			sourceTree = "<group>";
		};
		8E01C8FF1DE729B100AF6701 /* Products */ = {
			isa = PBXGroup;
			children = (
				8E01C8FE1DE729B100AF6701 /* reMIND.app */,
			);
			name = Products;
			sourceTree = "<group>";
		};
		8E01C9001DE729B100AF6701 /* reMIND */ = {
			isa = PBXGroup;
			children = (
				8E01C9011DE729B100AF6701 /* AppDelegate.swift */,
				8E01C9051DE729B100AF6701 /* Main.storyboard */,
				8E01C9151DE72FBD00AF6701 /* TaskCell.swift */,
				8E01C9171DE72FDF00AF6701 /* IconCell.swift */,
				8E01C9191DE7300600AF6701 /* HeaderView.swift */,
				8E01C9131DE72A7300AF6701 /* ListViewController.swift */,
				8E01C91B1DE7312D00AF6701 /* IconsViewController.swift */,
				8E01C9081DE729B100AF6701 /* Assets.xcassets */,
				8E01C90A1DE729B100AF6701 /* LaunchScreen.storyboard */,
				8E01C90D1DE729B100AF6701 /* Info.plist */,
				8E01C91D1DE7323E00AF6701 /* TaskManager.swift */,
			);
			path = reMIND;
			sourceTree = "<group>";
		};
/* End PBXGroup section */

/* Begin PBXNativeTarget section */
		8E01C8FD1DE729B100AF6701 /* reMIND */ = {
			isa = PBXNativeTarget;
			buildConfigurationList = 8E01C9101DE729B100AF6701 /* Build configuration list for PBXNativeTarget "reMIND" */;
			buildPhases = (
				8E01C8FA1DE729B100AF6701 /* Sources */,
				8E01C8FB1DE729B100AF6701 /* Frameworks */,
				8E01C8FC1DE729B100AF6701 /* Resources */,
			);
			buildRules = (
			);
			dependencies = (
			);
			name = reMIND;
			productName = reMIND;
			productReference = 8E01C8FE1DE729B100AF6701 /* reMIND.app */;
			productType = "com.apple.product-type.application";
		};
/* End PBXNativeTarget section */

/* Begin PBXProject section */
		8E01C8F61DE729B100AF6701 /* Project object */ = {
			isa = PBXProject;
			attributes = {
				LastSwiftUpdateCheck = 0810;
				LastUpgradeCheck = 0810;
				ORGANIZATIONNAME = TimpleSoft;
				TargetAttributes = {
					8E01C8FD1DE729B100AF6701 = {
						CreatedOnToolsVersion = 8.1;
						DevelopmentTeam = 76HKZS2A86;
						ProvisioningStyle = Automatic;
					};
				};
			};
			buildConfigurationList = 8E01C8F91DE729B100AF6701 /* Build configuration list for PBXProject "reMIND" */;
			compatibilityVersion = "Xcode 3.2";
			developmentRegion = English;
			hasScannedForEncodings = 0;
			knownRegions = (
				en,
				Base,
			);
			mainGroup = 8E01C8F51DE729B100AF6701;
			productRefGroup = 8E01C8FF1DE729B100AF6701 /* Products */;
			projectDirPath = "";
			projectRoot = "";
			targets = (
				8E01C8FD1DE729B100AF6701 /* reMIND */,
			);
		};
/* End PBXProject section */

/* Begin PBXResourcesBuildPhase section */
		8E01C8FC1DE729B100AF6701 /* Resources */ = {
			isa = PBXResourcesBuildPhase;
			buildActionMask = 2147483647;
			files = (
				8E01C90C1DE729B100AF6701 /* LaunchScreen.storyboard in Resources */,
				8E01C9091DE729B100AF6701 /* Assets.xcassets in Resources */,
				8E01C9071DE729B100AF6701 /* Main.storyboard in Resources */,
			);
			runOnlyForDeploymentPostprocessing = 0;
		};
/* End PBXResourcesBuildPhase section */

/* Begin PBXSourcesBuildPhase section */
		8E01C8FA1DE729B100AF6701 /* Sources */ = {
			isa = PBXSourcesBuildPhase;
			buildActionMask = 2147483647;
			files = (
				8E01C91A1DE7300600AF6701 /* HeaderView.swift in Sources */,
				8E01C91C1DE7312D00AF6701 /* IconsViewController.swift in Sources */,
				8E01C9141DE72A7300AF6701 /* ListViewController.swift in Sources */,
				8E01C9161DE72FBD00AF6701 /* TaskCell.swift in Sources */,
				8E01C9181DE72FDF00AF6701 /* IconCell.swift in Sources */,
				8E01C91E1DE7323E00AF6701 /* TaskManager.swift in Sources */,
				8E01C9021DE729B100AF6701 /* AppDelegate.swift in Sources */,
			);
			runOnlyForDeploymentPostprocessing = 0;
		};
/* End PBXSourcesBuildPhase section */

/* Begin PBXVariantGroup section */
		8E01C9051DE729B100AF6701 /* Main.storyboard */ = {
			isa = PBXVariantGroup;
			children = (
				8E01C9061DE729B100AF6701 /* Base */,
			);
			name = Main.storyboard;
			sourceTree = "<group>";
		};
		8E01C90A1DE729B100AF6701 /* LaunchScreen.storyboard */ = {
			isa = PBXVariantGroup;
			children = (
				8E01C90B1DE729B100AF6701 /* Base */,
			);
			name = LaunchScreen.storyboard;
			sourceTree = "<group>";
		};
/* End PBXVariantGroup section */

/* Begin XCBuildConfiguration section */
		8E01C90E1DE729B100AF6701 /* Debug */ = {
			isa = XCBuildConfiguration;
			buildSettings = {
				ALWAYS_SEARCH_USER_PATHS = NO;
				CLANG_ANALYZER_NONNULL = YES;
				CLANG_CXX_LANGUAGE_STANDARD = "gnu++0x";
				CLANG_CXX_LIBRARY = "libc++";
				CLANG_ENABLE_MODULES = YES;
				CLANG_ENABLE_OBJC_ARC = YES;
				CLANG_WARN_BOOL_CONVERSION = YES;
				CLANG_WARN_CONSTANT_CONVERSION = YES;
				CLANG_WARN_DIRECT_OBJC_ISA_USAGE = YES_ERROR;
				CLANG_WARN_DOCUMENTATION_COMMENTS = YES;
				CLANG_WARN_EMPTY_BODY = YES;
				CLANG_WARN_ENUM_CONVERSION = YES;
				CLANG_WARN_INFINITE_RECURSION = YES;
				CLANG_WARN_INT_CONVERSION = YES;
				CLANG_WARN_OBJC_ROOT_CLASS = YES_ERROR;
				CLANG_WARN_SUSPICIOUS_MOVES = YES;
				CLANG_WARN_UNREACHABLE_CODE = YES;
				CLANG_WARN__DUPLICATE_METHOD_MATCH = YES;
				"CODE_SIGN_IDENTITY[sdk=iphoneos*]" = "iPhone Developer";
				COPY_PHASE_STRIP = NO;
				DEBUG_INFORMATION_FORMAT = dwarf;
				ENABLE_STRICT_OBJC_MSGSEND = YES;
				ENABLE_TESTABILITY = YES;
				GCC_C_LANGUAGE_STANDARD = gnu99;
				GCC_DYNAMIC_NO_PIC = NO;
				GCC_NO_COMMON_BLOCKS = YES;
				GCC_OPTIMIZATION_LEVEL = 0;
				GCC_PREPROCESSOR_DEFINITIONS = (
					"DEBUG=1",
					"$(inherited)",
				);
				GCC_WARN_64_TO_32_BIT_CONVERSION = YES;
				GCC_WARN_ABOUT_RETURN_TYPE = YES_ERROR;
				GCC_WARN_UNDECLARED_SELECTOR = YES;
				GCC_WARN_UNINITIALIZED_AUTOS = YES_AGGRESSIVE;
				GCC_WARN_UNUSED_FUNCTION = YES;
				GCC_WARN_UNUSED_VARIABLE = YES;
				IPHONEOS_DEPLOYMENT_TARGET = 10.1;
				MTL_ENABLE_DEBUG_INFO = YES;
				ONLY_ACTIVE_ARCH = YES;
				SDKROOT = iphoneos;
				SWIFT_ACTIVE_COMPILATION_CONDITIONS = DEBUG;
				SWIFT_OPTIMIZATION_LEVEL = "-Onone";
			};
			name = Debug;
		};
		8E01C90F1DE729B100AF6701 /* Release */ = {
			isa = XCBuildConfiguration;
			buildSettings = {
				ALWAYS_SEARCH_USER_PATHS = NO;
				CLANG_ANALYZER_NONNULL = YES;
				CLANG_CXX_LANGUAGE_STANDARD = "gnu++0x";
				CLANG_CXX_LIBRARY = "libc++";
				CLANG_ENABLE_MODULES = YES;
				CLANG_ENABLE_OBJC_ARC = YES;
				CLANG_WARN_BOOL_CONVERSION = YES;
				CLANG_WARN_CONSTANT_CONVERSION = YES;
				CLANG_WARN_DIRECT_OBJC_ISA_USAGE = YES_ERROR;
				CLANG_WARN_DOCUMENTATION_COMMENTS = YES;
				CLANG_WARN_EMPTY_BODY = YES;
				CLANG_WARN_ENUM_CONVERSION = YES;
				CLANG_WARN_INFINITE_RECURSION = YES;
				CLANG_WARN_INT_CONVERSION = YES;
				CLANG_WARN_OBJC_ROOT_CLASS = YES_ERROR;
				CLANG_WARN_SUSPICIOUS_MOVES = YES;
				CLANG_WARN_UNREACHABLE_CODE = YES;
				CLANG_WARN__DUPLICATE_METHOD_MATCH = YES;
				"CODE_SIGN_IDENTITY[sdk=iphoneos*]" = "iPhone Developer";
				COPY_PHASE_STRIP = NO;
				DEBUG_INFORMATION_FORMAT = "dwarf-with-dsym";
				ENABLE_NS_ASSERTIONS = NO;
				ENABLE_STRICT_OBJC_MSGSEND = YES;
				GCC_C_LANGUAGE_STANDARD = gnu99;
				GCC_NO_COMMON_BLOCKS = YES;
				GCC_WARN_64_TO_32_BIT_CONVERSION = YES;
				GCC_WARN_ABOUT_RETURN_TYPE = YES_ERROR;
				GCC_WARN_UNDECLARED_SELECTOR = YES;
				GCC_WARN_UNINITIALIZED_AUTOS = YES_AGGRESSIVE;
				GCC_WARN_UNUSED_FUNCTION = YES;
				GCC_WARN_UNUSED_VARIABLE = YES;
				IPHONEOS_DEPLOYMENT_TARGET = 10.1;
				MTL_ENABLE_DEBUG_INFO = NO;
				SDKROOT = iphoneos;
				SWIFT_OPTIMIZATION_LEVEL = "-Owholemodule";
				VALIDATE_PRODUCT = YES;
			};
			name = Release;
		};
		8E01C9111DE729B100AF6701 /* Debug */ = {
			isa = XCBuildConfiguration;
			buildSettings = {
				ASSETCATALOG_COMPILER_APPICON_NAME = AppIcon;
				DEVELOPMENT_TEAM = 76HKZS2A86;
				INFOPLIST_FILE = reMIND/Info.plist;
				LD_RUNPATH_SEARCH_PATHS = "$(inherited) @executable_path/Frameworks";
				PRODUCT_BUNDLE_IDENTIFIER = com.timplesoft.reMIND;
				PRODUCT_NAME = "$(TARGET_NAME)";
				SWIFT_VERSION = 3.0;
			};
			name = Debug;
		};
		8E01C9121DE729B100AF6701 /* Release */ = {
			isa = XCBuildConfiguration;
			buildSettings = {
				ASSETCATALOG_COMPILER_APPICON_NAME = AppIcon;
				DEVELOPMENT_TEAM = 76HKZS2A86;
				INFOPLIST_FILE = reMIND/Info.plist;
				LD_RUNPATH_SEARCH_PATHS = "$(inherited) @executable_path/Frameworks";
				PRODUCT_BUNDLE_IDENTIFIER = com.timplesoft.reMIND;
				PRODUCT_NAME = "$(TARGET_NAME)";
				SWIFT_VERSION = 3.0;
			};
			name = Release;
		};
/* End XCBuildConfiguration section */

/* Begin XCConfigurationList section */
		8E01C8F91DE729B100AF6701 /* Build configuration list for PBXProject "reMIND" */ = {
			isa = XCConfigurationList;
			buildConfigurations = (
				8E01C90E1DE729B100AF6701 /* Debug */,
				8E01C90F1DE729B100AF6701 /* Release */,
			);
			defaultConfigurationIsVisible = 0;
			defaultConfigurationName = Release;
		};
		8E01C9101DE729B100AF6701 /* Build configuration list for PBXNativeTarget "reMIND" */ = {
			isa = XCConfigurationList;
			buildConfigurations = (
				8E01C9111DE729B100AF6701 /* Debug */,
				8E01C9121DE729B100AF6701 /* Release */,
			);
			defaultConfigurationIsVisible = 0;
		};
/* End XCConfigurationList section */
	};
	rootObject = 8E01C8F61DE729B100AF6701 /* Project object */;
}
